
Microsoft Visual Studio Solution File, Format Version 12.00
# Visual Studio Version 17
VisualStudioVersion = 17.4.33213.308
MinimumVisualStudioVersion = 10.0.40219.1
Project("{FAE04EC0-301F-11D3-BF4B-00C04F79EFBC}") = "Assigment2CarChange", "Assigment2CarChange\Assigment2CarChange.csproj", "{28927533-A105-4B4B-9BC9-AFA613989EAE}"
EndProject
Global
	GlobalSection(SolutionConfigurationPlatforms) = preSolution
		Debug|Any CPU = Debug|Any CPU
		Release|Any CPU = Release|Any CPU
	EndGlobalSection
	GlobalSection(ProjectConfigurationPlatforms) = postSolution
		{28927533-A105-4B4B-9BC9-AFA613989EAE}.Debug|Any CPU.ActiveCfg = Debug|Any CPU
		{28927533-A105-4B4B-9BC9-AFA613989EAE}.Debug|Any CPU.Build.0 = Debug|Any CPU
		{28927533-A105-4B4B-9BC9-AFA613989EAE}.Release|Any CPU.ActiveCfg = Release|Any CPU
		{28927533-A105-4B4B-9BC9-AFA613989EAE}.Release|Any CPU.Build.0 = Release|Any CPU
	EndGlobalSection
	GlobalSection(SolutionProperties) = preSolution
		HideSolutionNode = FALSE
	EndGlobalSection
	GlobalSection(ExtensibilityGlobals) = postSolution
		SolutionGuid = {63A59AC8-6210-4DC4-A36A-9CAAABD930D1}
	EndGlobalSection
EndGlobal
